// !$*UTF8*$!
{
	archiveVersion = 1;
	classes = {
	};
	objectVersion = 46;
	objects = {

/* Begin PBXBuildFile section */
		D2A8839E1F598B3500E0CD16 /* AppDelegate.swift in Sources */ = {isa = PBXBuildFile; fileRef = D2A8839D1F598B3500E0CD16 /* AppDelegate.swift */; };
		D2A883A01F598B3500E0CD16 /* ViewController.swift in Sources */ = {isa = PBXBuildFile; fileRef = D2A8839F1F598B3500E0CD16 /* ViewController.swift */; };
		D2A883A31F598B3500E0CD16 /* Main.storyboard in Resources */ = {isa = PBXBuildFile; fileRef = D2A883A11F598B3500E0CD16 /* Main.storyboard */; };
		D2A883A51F598B3500E0CD16 /* Assets.xcassets in Resources */ = {isa = PBXBuildFile; fileRef = D2A883A41F598B3500E0CD16 /* Assets.xcassets */; };
		D2A883A81F598B3500E0CD16 /* LaunchScreen.storyboard in Resources */ = {isa = PBXBuildFile; fileRef = D2A883A61F598B3500E0CD16 /* LaunchScreen.storyboard */; };
/* End PBXBuildFile section */

/* Begin PBXFileReference section */
		D2A8839A1F598B3500E0CD16 /* 4_47_Stack.app */ = {isa = PBXFileReference; explicitFileType = wrapper.application; includeInIndex = 0; path = 4_47_Stack.app; sourceTree = BUILT_PRODUCTS_DIR; };
		D2A8839D1F598B3500E0CD16 /* AppDelegate.swift */ = {isa = PBXFileReference; lastKnownFileType = sourcecode.swift; path = AppDelegate.swift; sourceTree = "<group>"; };
		D2A8839F1F598B3500E0CD16 /* ViewController.swift */ = {isa = PBXFileReference; lastKnownFileType = sourcecode.swift; path = ViewController.swift; sourceTree = "<group>"; };
		D2A883A21F598B3500E0CD16 /* Base */ = {isa = PBXFileReference; lastKnownFileType = file.storyboard; name = Base; path = Base.lproj/Main.storyboard; sourceTree = "<group>"; };
		D2A883A41F598B3500E0CD16 /* Assets.xcassets */ = {isa = PBXFileReference; lastKnownFileType = folder.assetcatalog; path = Assets.xcassets; sourceTree = "<group>"; };
		D2A883A71F598B3500E0CD16 /* Base */ = {isa = PBXFileReference; lastKnownFileType = file.storyboard; name = Base; path = Base.lproj/LaunchScreen.storyboard; sourceTree = "<group>"; };
		D2A883A91F598B3500E0CD16 /* Info.plist */ = {isa = PBXFileReference; lastKnownFileType = text.plist.xml; path = Info.plist; sourceTree = "<group>"; };
/* End PBXFileReference section */

/* Begin PBXFrameworksBuildPhase section */
		D2A883971F598B3500E0CD16 /* Frameworks */ = {
			isa = PBXFrameworksBuildPhase;
			buildActionMask = 2147483647;
			files = (
			);
			runOnlyForDeploymentPostprocessing = 0;
		};
/* End PBXFrameworksBuildPhase section */

/* Begin PBXGroup section */
		D2A883911F598B3500E0CD16 = {
			isa = PBXGroup;
			children = (
				D2A8839C1F598B3500E0CD16 /* 4_47_Stack */,
				D2A8839B1F598B3500E0CD16 /* Products */,
			);
			sourceTree = "<group>";
		};
		D2A8839B1F598B3500E0CD16 /* Products */ = {
			isa = PBXGroup;
			children = (
				D2A8839A1F598B3500E0CD16 /* 4_47_Stack.app */,
			);
			name = Products;
			sourceTree = "<group>";
		};
		D2A8839C1F598B3500E0CD16 /* 4_47_Stack */ = {
			isa = PBXGroup;
			children = (
				D2A8839D1F598B3500E0CD16 /* AppDelegate.swift */,
				D2A8839F1F598B3500E0CD16 /* ViewController.swift */,
				D2A883A11F598B3500E0CD16 /* Main.storyboard */,
				D2A883A41F598B3500E0CD16 /* Assets.xcassets */,
				D2A883A61F598B3500E0CD16 /* LaunchScreen.storyboard */,
				D2A883A91F598B3500E0CD16 /* Info.plist */,
			);
			path = 4_47_Stack;
			sourceTree = "<group>";
		};
/* End PBXGroup section */

/* Begin PBXNativeTarget section */
		D2A883991F598B3500E0CD16 /* 4_47_Stack */ = {
			isa = PBXNativeTarget;
			buildConfigurationList = D2A883AC1F598B3500E0CD16 /* Build configuration list for PBXNativeTarget "4_47_Stack" */;
			buildPhases = (
				D2A883961F598B3500E0CD16 /* Sources */,
				D2A883971F598B3500E0CD16 /* Frameworks */,
				D2A883981F598B3500E0CD16 /* Resources */,
			);
			buildRules = (
			);
			dependencies = (
			);
			name = 4_47_Stack;
			productName = 4_47_Stack;
			productReference = D2A8839A1F598B3500E0CD16 /* 4_47_Stack.app */;
			productType = "com.apple.product-type.application";
		};
/* End PBXNativeTarget section */

/* Begin PBXProject section */
		D2A883921F598B3500E0CD16 /* Project object */ = {
			isa = PBXProject;
			attributes = {
				LastSwiftUpdateCheck = 0830;
				LastUpgradeCheck = 0830;
				ORGANIZATIONNAME = "Minh The";
				TargetAttributes = {
					D2A883991F598B3500E0CD16 = {
						CreatedOnToolsVersion = 8.3.3;
						ProvisioningStyle = Automatic;
					};
				};
			};
			buildConfigurationList = D2A883951F598B3500E0CD16 /* Build configuration list for PBXProject "4_47_Stack" */;
			compatibilityVersion = "Xcode 3.2";
			developmentRegion = English;
			hasScannedForEncodings = 0;
			knownRegions = (
				en,
				Base,
			);
			mainGroup = D2A883911F598B3500E0CD16;
			productRefGroup = D2A8839B1F598B3500E0CD16 /* Products */;
			projectDirPath = "";
			projectRoot = "";
			targets = (
				D2A883991F598B3500E0CD16 /* 4_47_Stack */,
			);
		};
/* End PBXProject section */

/* Begin PBXResourcesBuildPhase section */
		D2A883981F598B3500E0CD16 /* Resources */ = {
			isa = PBXResourcesBuildPhase;
			buildActionMask = 2147483647;
			files = (
				D2A883A81F598B3500E0CD16 /* LaunchScreen.storyboard in Resources */,
				D2A883A51F598B3500E0CD16 /* Assets.xcassets in Resources */,
				D2A883A31F598B3500E0CD16 /* Main.storyboard in Resources */,
			);
			runOnlyForDeploymentPostprocessing = 0;
		};
/* End PBXResourcesBuildPhase section */

/* Begin PBXSourcesBuildPhase section */
		D2A883961F598B3500E0CD16 /* Sources */ = {
			isa = PBXSourcesBuildPhase;
			buildActionMask = 2147483647;
			files = (
				D2A883A01F598B3500E0CD16 /* ViewController.swift in Sources */,
				D2A8839E1F598B3500E0CD16 /* AppDelegate.swift in Sources */,
			);
			runOnlyForDeploymentPostprocessing = 0;
		};
/* End PBXSourcesBuildPhase section */

/* Begin PBXVariantGroup section */
		D2A883A11F598B3500E0CD16 /* Main.storyboard */ = {
			isa = PBXVariantGroup;
			children = (
				D2A883A21F598B3500E0CD16 /* Base */,
			);
			name = Main.storyboard;
			sourceTree = "<group>";
		};
		D2A883A61F598B3500E0CD16 /* LaunchScreen.storyboard */ = {
			isa = PBXVariantGroup;
			children = (
				D2A883A71F598B3500E0CD16 /* Base */,
			);
			name = LaunchScreen.storyboard;
			sourceTree = "<group>";
		};
/* End PBXVariantGroup section */

/* Begin XCBuildConfiguration section */
		D2A883AA1F598B3500E0CD16 /* Debug */ = {
			isa = XCBuildConfiguration;
			buildSettings = {
				ALWAYS_SEARCH_USER_PATHS = NO;
				CLANG_ANALYZER_NONNULL = YES;
				CLANG_ANALYZER_NUMBER_OBJECT_CONVERSION = YES_AGGRESSIVE;
				CLANG_CXX_LANGUAGE_STANDARD = "gnu++0x";
				CLANG_CXX_LIBRARY = "libc++";
				CLANG_ENABLE_MODULES = YES;
				CLANG_ENABLE_OBJC_ARC = YES;
				CLANG_WARN_BOOL_CONVERSION = YES;
				CLANG_WARN_CONSTANT_CONVERSION = YES;
				CLANG_WARN_DIRECT_OBJC_ISA_USAGE = YES_ERROR;
				CLANG_WARN_DOCUMENTATION_COMMENTS = YES;
				CLANG_WARN_EMPTY_BODY = YES;
				CLANG_WARN_ENUM_CONVERSION = YES;
				CLANG_WARN_INFINITE_RECURSION = YES;
				CLANG_WARN_INT_CONVERSION = YES;
				CLANG_WARN_OBJC_ROOT_CLASS = YES_ERROR;
				CLANG_WARN_SUSPICIOUS_MOVE = YES;
				CLANG_WARN_UNREACHABLE_CODE = YES;
				CLANG_WARN__DUPLICATE_METHOD_MATCH = YES;
				"CODE_SIGN_IDENTITY[sdk=iphoneos*]" = "iPhone Developer";
				COPY_PHASE_STRIP = NO;
				DEBUG_INFORMATION_FORMAT = dwarf;
				ENABLE_STRICT_OBJC_MSGSEND = YES;
				ENABLE_TESTABILITY = YES;
				GCC_C_LANGUAGE_STANDARD = gnu99;
				GCC_DYNAMIC_NO_PIC = NO;
				GCC_NO_COMMON_BLOCKS = YES;
				GCC_OPTIMIZATION_LEVEL = 0;
				GCC_PREPROCESSOR_DEFINITIONS = (
					"DEBUG=1",
					"$(inherited)",
				);
				GCC_WARN_64_TO_32_BIT_CONVERSION = YES;
				GCC_WARN_ABOUT_RETURN_TYPE = YES_ERROR;
				GCC_WARN_UNDECLARED_SELECTOR = YES;
				GCC_WARN_UNINITIALIZED_AUTOS = YES_AGGRESSIVE;
				GCC_WARN_UNUSED_FUNCTION = YES;
				GCC_WARN_UNUSED_VARIABLE = YES;
				IPHONEOS_DEPLOYMENT_TARGET = 10.3;
				MTL_ENABLE_DEBUG_INFO = YES;
				ONLY_ACTIVE_ARCH = YES;
				SDKROOT = iphoneos;
				SWIFT_ACTIVE_COMPILATION_CONDITIONS = DEBUG;
				SWIFT_OPTIMIZATION_LEVEL = "-Onone";
				TARGETED_DEVICE_FAMILY = "1,2";
			};
			name = Debug;
		};
		D2A883AB1F598B3500E0CD16 /* Release */ = {
			isa = XCBuildConfiguration;
			buildSettings = {
				ALWAYS_SEARCH_USER_PATHS = NO;
				CLANG_ANALYZER_NONNULL = YES;
				CLANG_ANALYZER_NUMBER_OBJECT_CONVERSION = YES_AGGRESSIVE;
				CLANG_CXX_LANGUAGE_STANDARD = "gnu++0x";
				CLANG_CXX_LIBRARY = "libc++";
				CLANG_ENABLE_MODULES = YES;
				CLANG_ENABLE_OBJC_ARC = YES;
				CLANG_WARN_BOOL_CONVERSION = YES;
				CLANG_WARN_CONSTANT_CONVERSION = YES;
				CLANG_WARN_DIRECT_OBJC_ISA_USAGE = YES_ERROR;
				CLANG_WARN_DOCUMENTATION_COMMENTS = YES;
				CLANG_WARN_EMPTY_BODY = YES;
				CLANG_WARN_ENUM_CONVERSION = YES;
				CLANG_WARN_INFINITE_RECURSION = YES;
				CLANG_WARN_INT_CONVERSION = YES;
				CLANG_WARN_OBJC_ROOT_CLASS = YES_ERROR;
				CLANG_WARN_SUSPICIOUS_MOVE = YES;
				CLANG_WARN_UNREACHABLE_CODE = YES;
				CLANG_WARN__DUPLICATE_METHOD_MATCH = YES;
				"CODE_SIGN_IDENTITY[sdk=iphoneos*]" = "iPhone Developer";
				COPY_PHASE_STRIP = NO;
				DEBUG_INFORMATION_FORMAT = "dwarf-with-dsym";
				ENABLE_NS_ASSERTIONS = NO;
				ENABLE_STRICT_OBJC_MSGSEND = YES;
				GCC_C_LANGUAGE_STANDARD = gnu99;
				GCC_NO_COMMON_BLOCKS = YES;
				GCC_WARN_64_TO_32_BIT_CONVERSION = YES;
				GCC_WARN_ABOUT_RETURN_TYPE = YES_ERROR;
				GCC_WARN_UNDECLARED_SELECTOR = YES;
				GCC_WARN_UNINITIALIZED_AUTOS = YES_AGGRESSIVE;
				GCC_WARN_UNUSED_FUNCTION = YES;
				GCC_WARN_UNUSED_VARIABLE = YES;
				IPHONEOS_DEPLOYMENT_TARGET = 10.3;
				MTL_ENABLE_DEBUG_INFO = NO;
				SDKROOT = iphoneos;
				SWIFT_OPTIMIZATION_LEVEL = "-Owholemodule";
				TARGETED_DEVICE_FAMILY = "1,2";
				VALIDATE_PRODUCT = YES;
			};
			name = Release;
		};
		D2A883AD1F598B3500E0CD16 /* Debug */ = {
			isa = XCBuildConfiguration;
			buildSettings = {
				ASSETCATALOG_COMPILER_APPICON_NAME = AppIcon;
				INFOPLIST_FILE = 4_47_Stack/Info.plist;
				LD_RUNPATH_SEARCH_PATHS = "$(inherited) @executable_path/Frameworks";
				PRODUCT_BUNDLE_IDENTIFIER = "Minh-The.--47-Stack";
				PRODUCT_NAME = "$(TARGET_NAME)";
				SWIFT_VERSION = 3.0;
			};
			name = Debug;
		};
		D2A883AE1F598B3500E0CD16 /* Release */ = {
			isa = XCBuildConfiguration;
			buildSettings = {
				ASSETCATALOG_COMPILER_APPICON_NAME = AppIcon;
				INFOPLIST_FILE = 4_47_Stack/Info.plist;
				LD_RUNPATH_SEARCH_PATHS = "$(inherited) @executable_path/Frameworks";
				PRODUCT_BUNDLE_IDENTIFIER = "Minh-The.--47-Stack";
				PRODUCT_NAME = "$(TARGET_NAME)";
				SWIFT_VERSION = 3.0;
			};
			name = Release;
		};
/* End XCBuildConfiguration section */

/* Begin XCConfigurationList section */
		D2A883951F598B3500E0CD16 /* Build configuration list for PBXProject "4_47_Stack" */ = {
			isa = XCConfigurationList;
			buildConfigurations = (
				D2A883AA1F598B3500E0CD16 /* Debug */,
				D2A883AB1F598B3500E0CD16 /* Release */,
			);
			defaultConfigurationIsVisible = 0;
			defaultConfigurationName = Release;
		};
		D2A883AC1F598B3500E0CD16 /* Build configuration list for PBXNativeTarget "4_47_Stack" */ = {
			isa = XCConfigurationList;
			buildConfigurations = (
				D2A883AD1F598B3500E0CD16 /* Debug */,
				D2A883AE1F598B3500E0CD16 /* Release */,
			);
			defaultConfigurationIsVisible = 0;
		};
/* End XCConfigurationList section */
	};
	rootObject = D2A883921F598B3500E0CD16 /* Project object */;
}
